
Microsoft Visual Studio Solution File, Format Version 12.00
# Visual Studio Version 17
VisualStudioVersion = 17.11.35327.3
MinimumVisualStudioVersion = 10.0.40219.1
Project("{FAE04EC0-301F-11D3-BF4B-00C04F79EFBC}") = "JobSchedulingProblem", "JobSchedulingProblem\JobSchedulingProblem.csproj", "{A85F62E5-3073-49E6-86CA-A97466A30718}"
EndProject
Global
	GlobalSection(SolutionConfigurationPlatforms) = preSolution
		Debug|Any CPU = Debug|Any CPU
		Release|Any CPU = Release|Any CPU
	EndGlobalSection
	GlobalSection(ProjectConfigurationPlatforms) = postSolution
		{A85F62E5-3073-49E6-86CA-A97466A30718}.Debug|Any CPU.ActiveCfg = Debug|Any CPU
		{A85F62E5-3073-49E6-86CA-A97466A30718}.Debug|Any CPU.Build.0 = Debug|Any CPU
		{A85F62E5-3073-49E6-86CA-A97466A30718}.Release|Any CPU.ActiveCfg = Release|Any CPU
		{A85F62E5-3073-49E6-86CA-A97466A30718}.Release|Any CPU.Build.0 = Release|Any CPU
	EndGlobalSection
	GlobalSection(SolutionProperties) = preSolution
		HideSolutionNode = FALSE
	EndGlobalSection
	GlobalSection(ExtensibilityGlobals) = postSolution
		SolutionGuid = {16B29BB1-2EF9-4D2B-85A4-FF664E20382A}
	EndGlobalSection
EndGlobal
